
Microsoft Visual Studio Solution File, Format Version 12.00
# Visual Studio 15
VisualStudioVersion = 15.0.28307.421
MinimumVisualStudioVersion = 10.0.40219.1
Project("{9A19103F-16F7-4668-BE54-9A1E7A4F7556}") = "CoinTracker", "CoinTracker\CoinTracker.csproj", "{FCB52751-2518-4935-8FC0-11EC3779521A}"
EndProject
Project("{FAE04EC0-301F-11D3-BF4B-00C04F79EFBC}") = "CoinTracker.Tests", "CoinTracker.Tests\CoinTracker.Tests.csproj", "{FBA5AA5F-8C14-467E-861A-676F57D9457B}"
EndProject
Global
	GlobalSection(SolutionConfigurationPlatforms) = preSolution
		Debug|Any CPU = Debug|Any CPU
		Release|Any CPU = Release|Any CPU
	EndGlobalSection
	GlobalSection(ProjectConfigurationPlatforms) = postSolution
		{FCB52751-2518-4935-8FC0-11EC3779521A}.Debug|Any CPU.ActiveCfg = Debug|Any CPU
		{FCB52751-2518-4935-8FC0-11EC3779521A}.Debug|Any CPU.Build.0 = Debug|Any CPU
		{FCB52751-2518-4935-8FC0-11EC3779521A}.Release|Any CPU.ActiveCfg = Release|Any CPU
		{FCB52751-2518-4935-8FC0-11EC3779521A}.Release|Any CPU.Build.0 = Release|Any CPU
		{FBA5AA5F-8C14-467E-861A-676F57D9457B}.Debug|Any CPU.ActiveCfg = Debug|Any CPU
		{FBA5AA5F-8C14-467E-861A-676F57D9457B}.Debug|Any CPU.Build.0 = Debug|Any CPU
		{FBA5AA5F-8C14-467E-861A-676F57D9457B}.Release|Any CPU.ActiveCfg = Release|Any CPU
		{FBA5AA5F-8C14-467E-861A-676F57D9457B}.Release|Any CPU.Build.0 = Release|Any CPU
	EndGlobalSection
	GlobalSection(SolutionProperties) = preSolution
		HideSolutionNode = FALSE
	EndGlobalSection
	GlobalSection(ExtensibilityGlobals) = postSolution
		SolutionGuid = {BF3912F1-BD0E-48E5-8CAB-D68E72BE493A}
	EndGlobalSection
EndGlobal
